// !$*UTF8*$!
{
	archiveVersion = 1;
	classes = {
	};
	objectVersion = 56;
	objects = {

/* Begin PBXBuildFile section */
		F841125C299CE6CD0007C177 /* MainTabBarVC.swift in Sources */ = {isa = PBXBuildFile; fileRef = F841125B299CE6CD0007C177 /* MainTabBarVC.swift */; };
		F841125E299CE9FA0007C177 /* CalendarVC.swift in Sources */ = {isa = PBXBuildFile; fileRef = F841125D299CE9FA0007C177 /* CalendarVC.swift */; };
		F8411263299CEA3B0007C177 /* ChatVC.swift in Sources */ = {isa = PBXBuildFile; fileRef = F8411262299CEA3B0007C177 /* ChatVC.swift */; };
		F8411266299CEA5D0007C177 /* MyProfileVC.swift in Sources */ = {isa = PBXBuildFile; fileRef = F8411265299CEA5C0007C177 /* MyProfileVC.swift */; };
		F889FC8029A4D87F00887727 /* GridCollectionVFL.swift in Sources */ = {isa = PBXBuildFile; fileRef = F889FC7F29A4D87F00887727 /* GridCollectionVFL.swift */; };
		F889FC8229A4D91300887727 /* GroupCVCell.swift in Sources */ = {isa = PBXBuildFile; fileRef = F889FC8129A4D91300887727 /* GroupCVCell.swift */; };
		F889FC8529A4DE7700887727 /* SnapKit in Frameworks */ = {isa = PBXBuildFile; productRef = F889FC8429A4DE7700887727 /* SnapKit */; };
		F8C05A362995431A001719A9 /* AppDelegate.swift in Sources */ = {isa = PBXBuildFile; fileRef = F8C05A352995431A001719A9 /* AppDelegate.swift */; };
		F8C05A382995431A001719A9 /* SceneDelegate.swift in Sources */ = {isa = PBXBuildFile; fileRef = F8C05A372995431A001719A9 /* SceneDelegate.swift */; };
		F8C05A3A2995431A001719A9 /* HomeVC.swift in Sources */ = {isa = PBXBuildFile; fileRef = F8C05A392995431A001719A9 /* HomeVC.swift */; };
		F8C05A3F2995431B001719A9 /* Assets.xcassets in Resources */ = {isa = PBXBuildFile; fileRef = F8C05A3E2995431B001719A9 /* Assets.xcassets */; };
		F8C05A422995431B001719A9 /* LaunchScreen.storyboard in Resources */ = {isa = PBXBuildFile; fileRef = F8C05A402995431B001719A9 /* LaunchScreen.storyboard */; };
		F8C05A4D2995431B001719A9 /* damoimTests.swift in Sources */ = {isa = PBXBuildFile; fileRef = F8C05A4C2995431B001719A9 /* damoimTests.swift */; };
		F8C05A572995431B001719A9 /* damoimUITests.swift in Sources */ = {isa = PBXBuildFile; fileRef = F8C05A562995431B001719A9 /* damoimUITests.swift */; };
		F8C05A592995431B001719A9 /* damoimUITestsLaunchTests.swift in Sources */ = {isa = PBXBuildFile; fileRef = F8C05A582995431B001719A9 /* damoimUITestsLaunchTests.swift */; };
		F8F87BEA29AB528500798297 /* Exam.swift in Sources */ = {isa = PBXBuildFile; fileRef = F8F87BE929AB528500798297 /* Exam.swift */; };
		F8F87BEC29AB5D3400798297 /* GroupCVCellHeader.swift in Sources */ = {isa = PBXBuildFile; fileRef = F8F87BEB29AB5D3400798297 /* GroupCVCellHeader.swift */; };
/* End PBXBuildFile section */

/* Begin PBXContainerItemProxy section */
		F8C05A492995431B001719A9 /* PBXContainerItemProxy */ = {
			isa = PBXContainerItemProxy;
			containerPortal = F8C05A2A2995431A001719A9 /* Project object */;
			proxyType = 1;
			remoteGlobalIDString = F8C05A312995431A001719A9;
			remoteInfo = damoim;
		};
		F8C05A532995431B001719A9 /* PBXContainerItemProxy */ = {
			isa = PBXContainerItemProxy;
			containerPortal = F8C05A2A2995431A001719A9 /* Project object */;
			proxyType = 1;
			remoteGlobalIDString = F8C05A312995431A001719A9;
			remoteInfo = damoim;
		};
/* End PBXContainerItemProxy section */

/* Begin PBXFileReference section */
		F841125B299CE6CD0007C177 /* MainTabBarVC.swift */ = {isa = PBXFileReference; lastKnownFileType = sourcecode.swift; path = MainTabBarVC.swift; sourceTree = "<group>"; };
		F841125D299CE9FA0007C177 /* CalendarVC.swift */ = {isa = PBXFileReference; lastKnownFileType = sourcecode.swift; path = CalendarVC.swift; sourceTree = "<group>"; };
		F8411262299CEA3B0007C177 /* ChatVC.swift */ = {isa = PBXFileReference; lastKnownFileType = sourcecode.swift; path = ChatVC.swift; sourceTree = "<group>"; };
		F8411265299CEA5C0007C177 /* MyProfileVC.swift */ = {isa = PBXFileReference; lastKnownFileType = sourcecode.swift; path = MyProfileVC.swift; sourceTree = "<group>"; };
		F889FC7F29A4D87F00887727 /* GridCollectionVFL.swift */ = {isa = PBXFileReference; lastKnownFileType = sourcecode.swift; path = GridCollectionVFL.swift; sourceTree = "<group>"; };
		F889FC8129A4D91300887727 /* GroupCVCell.swift */ = {isa = PBXFileReference; lastKnownFileType = sourcecode.swift; path = GroupCVCell.swift; sourceTree = "<group>"; };
		F8C05A322995431A001719A9 /* damoim.app */ = {isa = PBXFileReference; explicitFileType = wrapper.application; includeInIndex = 0; path = damoim.app; sourceTree = BUILT_PRODUCTS_DIR; };
		F8C05A352995431A001719A9 /* AppDelegate.swift */ = {isa = PBXFileReference; lastKnownFileType = sourcecode.swift; path = AppDelegate.swift; sourceTree = "<group>"; };
		F8C05A372995431A001719A9 /* SceneDelegate.swift */ = {isa = PBXFileReference; lastKnownFileType = sourcecode.swift; path = SceneDelegate.swift; sourceTree = "<group>"; };
		F8C05A392995431A001719A9 /* HomeVC.swift */ = {isa = PBXFileReference; lastKnownFileType = sourcecode.swift; path = HomeVC.swift; sourceTree = "<group>"; };
		F8C05A3E2995431B001719A9 /* Assets.xcassets */ = {isa = PBXFileReference; lastKnownFileType = folder.assetcatalog; path = Assets.xcassets; sourceTree = "<group>"; };
		F8C05A412995431B001719A9 /* Base */ = {isa = PBXFileReference; lastKnownFileType = file.storyboard; name = Base; path = Base.lproj/LaunchScreen.storyboard; sourceTree = "<group>"; };
		F8C05A432995431B001719A9 /* Info.plist */ = {isa = PBXFileReference; lastKnownFileType = text.plist.xml; path = Info.plist; sourceTree = "<group>"; };
		F8C05A482995431B001719A9 /* damoimTests.xctest */ = {isa = PBXFileReference; explicitFileType = wrapper.cfbundle; includeInIndex = 0; path = damoimTests.xctest; sourceTree = BUILT_PRODUCTS_DIR; };
		F8C05A4C2995431B001719A9 /* damoimTests.swift */ = {isa = PBXFileReference; lastKnownFileType = sourcecode.swift; path = damoimTests.swift; sourceTree = "<group>"; };
		F8C05A522995431B001719A9 /* damoimUITests.xctest */ = {isa = PBXFileReference; explicitFileType = wrapper.cfbundle; includeInIndex = 0; path = damoimUITests.xctest; sourceTree = BUILT_PRODUCTS_DIR; };
		F8C05A562995431B001719A9 /* damoimUITests.swift */ = {isa = PBXFileReference; lastKnownFileType = sourcecode.swift; path = damoimUITests.swift; sourceTree = "<group>"; };
		F8C05A582995431B001719A9 /* damoimUITestsLaunchTests.swift */ = {isa = PBXFileReference; lastKnownFileType = sourcecode.swift; path = damoimUITestsLaunchTests.swift; sourceTree = "<group>"; };
		F8F87BE929AB528500798297 /* Exam.swift */ = {isa = PBXFileReference; lastKnownFileType = sourcecode.swift; path = Exam.swift; sourceTree = "<group>"; };
		F8F87BEB29AB5D3400798297 /* GroupCVCellHeader.swift */ = {isa = PBXFileReference; lastKnownFileType = sourcecode.swift; path = GroupCVCellHeader.swift; sourceTree = "<group>"; };
/* End PBXFileReference section */

/* Begin PBXFrameworksBuildPhase section */
		F8C05A2F2995431A001719A9 /* Frameworks */ = {
			isa = PBXFrameworksBuildPhase;
			buildActionMask = 2147483647;
			files = (
				F889FC8529A4DE7700887727 /* SnapKit in Frameworks */,
			);
			runOnlyForDeploymentPostprocessing = 0;
		};
		F8C05A452995431B001719A9 /* Frameworks */ = {
			isa = PBXFrameworksBuildPhase;
			buildActionMask = 2147483647;
			files = (
			);
			runOnlyForDeploymentPostprocessing = 0;
		};
		F8C05A4F2995431B001719A9 /* Frameworks */ = {
			isa = PBXFrameworksBuildPhase;
			buildActionMask = 2147483647;
			files = (
			);
			runOnlyForDeploymentPostprocessing = 0;
		};
/* End PBXFrameworksBuildPhase section */

/* Begin PBXGroup section */
		F841125F299CEA140007C177 /* Home */ = {
			isa = PBXGroup;
			children = (
				F8C05A392995431A001719A9 /* HomeVC.swift */,
				F889FC7F29A4D87F00887727 /* GridCollectionVFL.swift */,
				F889FC8129A4D91300887727 /* GroupCVCell.swift */,
				F8F87BE929AB528500798297 /* Exam.swift */,
				F8F87BEB29AB5D3400798297 /* GroupCVCellHeader.swift */,
			);
			path = Home;
			sourceTree = "<group>";
		};
		F8411260299CEA190007C177 /* Calendar */ = {
			isa = PBXGroup;
			children = (
				F841125D299CE9FA0007C177 /* CalendarVC.swift */,
			);
			path = Calendar;
			sourceTree = "<group>";
		};
		F8411261299CEA200007C177 /* Chat */ = {
			isa = PBXGroup;
			children = (
				F8411262299CEA3B0007C177 /* ChatVC.swift */,
			);
			path = Chat;
			sourceTree = "<group>";
		};
		F8411264299CEA400007C177 /* MyProfile */ = {
			isa = PBXGroup;
			children = (
				F8411265299CEA5C0007C177 /* MyProfileVC.swift */,
			);
			path = MyProfile;
			sourceTree = "<group>";
		};
		F8C05A292995431A001719A9 = {
			isa = PBXGroup;
			children = (
				F8C05A342995431A001719A9 /* damoim */,
				F8C05A4B2995431B001719A9 /* damoimTests */,
				F8C05A552995431B001719A9 /* damoimUITests */,
				F8C05A332995431A001719A9 /* Products */,
			);
			sourceTree = "<group>";
		};
		F8C05A332995431A001719A9 /* Products */ = {
			isa = PBXGroup;
			children = (
				F8C05A322995431A001719A9 /* damoim.app */,
				F8C05A482995431B001719A9 /* damoimTests.xctest */,
				F8C05A522995431B001719A9 /* damoimUITests.xctest */,
			);
			name = Products;
			sourceTree = "<group>";
		};
		F8C05A342995431A001719A9 /* damoim */ = {
			isa = PBXGroup;
			children = (
				F841125B299CE6CD0007C177 /* MainTabBarVC.swift */,
				F8411264299CEA400007C177 /* MyProfile */,
				F8411261299CEA200007C177 /* Chat */,
				F8411260299CEA190007C177 /* Calendar */,
				F841125F299CEA140007C177 /* Home */,
				F8C05A352995431A001719A9 /* AppDelegate.swift */,
				F8C05A372995431A001719A9 /* SceneDelegate.swift */,
				F8C05A3E2995431B001719A9 /* Assets.xcassets */,
				F8C05A402995431B001719A9 /* LaunchScreen.storyboard */,
				F8C05A432995431B001719A9 /* Info.plist */,
			);
			path = damoim;
			sourceTree = "<group>";
		};
		F8C05A4B2995431B001719A9 /* damoimTests */ = {
			isa = PBXGroup;
			children = (
				F8C05A4C2995431B001719A9 /* damoimTests.swift */,
			);
			path = damoimTests;
			sourceTree = "<group>";
		};
		F8C05A552995431B001719A9 /* damoimUITests */ = {
			isa = PBXGroup;
			children = (
				F8C05A562995431B001719A9 /* damoimUITests.swift */,
				F8C05A582995431B001719A9 /* damoimUITestsLaunchTests.swift */,
			);
			path = damoimUITests;
			sourceTree = "<group>";
		};
/* End PBXGroup section */

/* Begin PBXNativeTarget section */
		F8C05A312995431A001719A9 /* damoim */ = {
			isa = PBXNativeTarget;
			buildConfigurationList = F8C05A5C2995431B001719A9 /* Build configuration list for PBXNativeTarget "damoim" */;
			buildPhases = (
				F8C05A2E2995431A001719A9 /* Sources */,
				F8C05A2F2995431A001719A9 /* Frameworks */,
				F8C05A302995431A001719A9 /* Resources */,
			);
			buildRules = (
			);
			dependencies = (
			);
			name = damoim;
			packageProductDependencies = (
				F889FC8429A4DE7700887727 /* SnapKit */,
			);
			productName = damoim;
			productReference = F8C05A322995431A001719A9 /* damoim.app */;
			productType = "com.apple.product-type.application";
		};
		F8C05A472995431B001719A9 /* damoimTests */ = {
			isa = PBXNativeTarget;
			buildConfigurationList = F8C05A5F2995431B001719A9 /* Build configuration list for PBXNativeTarget "damoimTests" */;
			buildPhases = (
				F8C05A442995431B001719A9 /* Sources */,
				F8C05A452995431B001719A9 /* Frameworks */,
				F8C05A462995431B001719A9 /* Resources */,
			);
			buildRules = (
			);
			dependencies = (
				F8C05A4A2995431B001719A9 /* PBXTargetDependency */,
			);
			name = damoimTests;
			productName = damoimTests;
			productReference = F8C05A482995431B001719A9 /* damoimTests.xctest */;
			productType = "com.apple.product-type.bundle.unit-test";
		};
		F8C05A512995431B001719A9 /* damoimUITests */ = {
			isa = PBXNativeTarget;
			buildConfigurationList = F8C05A622995431B001719A9 /* Build configuration list for PBXNativeTarget "damoimUITests" */;
			buildPhases = (
				F8C05A4E2995431B001719A9 /* Sources */,
				F8C05A4F2995431B001719A9 /* Frameworks */,
				F8C05A502995431B001719A9 /* Resources */,
			);
			buildRules = (
			);
			dependencies = (
				F8C05A542995431B001719A9 /* PBXTargetDependency */,
			);
			name = damoimUITests;
			productName = damoimUITests;
			productReference = F8C05A522995431B001719A9 /* damoimUITests.xctest */;
			productType = "com.apple.product-type.bundle.ui-testing";
		};
/* End PBXNativeTarget section */

/* Begin PBXProject section */
		F8C05A2A2995431A001719A9 /* Project object */ = {
			isa = PBXProject;
			attributes = {
				BuildIndependentTargetsInParallel = 1;
				LastSwiftUpdateCheck = 1400;
				LastUpgradeCheck = 1400;
				TargetAttributes = {
					F8C05A312995431A001719A9 = {
						CreatedOnToolsVersion = 14.0.1;
					};
					F8C05A472995431B001719A9 = {
						CreatedOnToolsVersion = 14.0.1;
						TestTargetID = F8C05A312995431A001719A9;
					};
					F8C05A512995431B001719A9 = {
						CreatedOnToolsVersion = 14.0.1;
						TestTargetID = F8C05A312995431A001719A9;
					};
				};
			};
			buildConfigurationList = F8C05A2D2995431A001719A9 /* Build configuration list for PBXProject "damoim" */;
			compatibilityVersion = "Xcode 14.0";
			developmentRegion = en;
			hasScannedForEncodings = 0;
			knownRegions = (
				en,
				Base,
			);
			mainGroup = F8C05A292995431A001719A9;
			packageReferences = (
				F889FC8329A4DE7700887727 /* XCRemoteSwiftPackageReference "SnapKit" */,
			);
			productRefGroup = F8C05A332995431A001719A9 /* Products */;
			projectDirPath = "";
			projectRoot = "";
			targets = (
				F8C05A312995431A001719A9 /* damoim */,
				F8C05A472995431B001719A9 /* damoimTests */,
				F8C05A512995431B001719A9 /* damoimUITests */,
			);
		};
/* End PBXProject section */

/* Begin PBXResourcesBuildPhase section */
		F8C05A302995431A001719A9 /* Resources */ = {
			isa = PBXResourcesBuildPhase;
			buildActionMask = 2147483647;
			files = (
				F8C05A422995431B001719A9 /* LaunchScreen.storyboard in Resources */,
				F8C05A3F2995431B001719A9 /* Assets.xcassets in Resources */,
			);
			runOnlyForDeploymentPostprocessing = 0;
		};
		F8C05A462995431B001719A9 /* Resources */ = {
			isa = PBXResourcesBuildPhase;
			buildActionMask = 2147483647;
			files = (
			);
			runOnlyForDeploymentPostprocessing = 0;
		};
		F8C05A502995431B001719A9 /* Resources */ = {
			isa = PBXResourcesBuildPhase;
			buildActionMask = 2147483647;
			files = (
			);
			runOnlyForDeploymentPostprocessing = 0;
		};
/* End PBXResourcesBuildPhase section */

/* Begin PBXSourcesBuildPhase section */
		F8C05A2E2995431A001719A9 /* Sources */ = {
			isa = PBXSourcesBuildPhase;
			buildActionMask = 2147483647;
			files = (
				F8411263299CEA3B0007C177 /* ChatVC.swift in Sources */,
				F889FC8229A4D91300887727 /* GroupCVCell.swift in Sources */,
				F841125E299CE9FA0007C177 /* CalendarVC.swift in Sources */,
				F8C05A3A2995431A001719A9 /* HomeVC.swift in Sources */,
				F8411266299CEA5D0007C177 /* MyProfileVC.swift in Sources */,
				F889FC8029A4D87F00887727 /* GridCollectionVFL.swift in Sources */,
				F8F87BEA29AB528500798297 /* Exam.swift in Sources */,
				F8C05A362995431A001719A9 /* AppDelegate.swift in Sources */,
				F8F87BEC29AB5D3400798297 /* GroupCVCellHeader.swift in Sources */,
				F8C05A382995431A001719A9 /* SceneDelegate.swift in Sources */,
				F841125C299CE6CD0007C177 /* MainTabBarVC.swift in Sources */,
			);
			runOnlyForDeploymentPostprocessing = 0;
		};
		F8C05A442995431B001719A9 /* Sources */ = {
			isa = PBXSourcesBuildPhase;
			buildActionMask = 2147483647;
			files = (
				F8C05A4D2995431B001719A9 /* damoimTests.swift in Sources */,
			);
			runOnlyForDeploymentPostprocessing = 0;
		};
		F8C05A4E2995431B001719A9 /* Sources */ = {
			isa = PBXSourcesBuildPhase;
			buildActionMask = 2147483647;
			files = (
				F8C05A572995431B001719A9 /* damoimUITests.swift in Sources */,
				F8C05A592995431B001719A9 /* damoimUITestsLaunchTests.swift in Sources */,
			);
			runOnlyForDeploymentPostprocessing = 0;
		};
/* End PBXSourcesBuildPhase section */

/* Begin PBXTargetDependency section */
		F8C05A4A2995431B001719A9 /* PBXTargetDependency */ = {
			isa = PBXTargetDependency;
			target = F8C05A312995431A001719A9 /* damoim */;
			targetProxy = F8C05A492995431B001719A9 /* PBXContainerItemProxy */;
		};
		F8C05A542995431B001719A9 /* PBXTargetDependency */ = {
			isa = PBXTargetDependency;
			target = F8C05A312995431A001719A9 /* damoim */;
			targetProxy = F8C05A532995431B001719A9 /* PBXContainerItemProxy */;
		};
/* End PBXTargetDependency section */

/* Begin PBXVariantGroup section */
		F8C05A402995431B001719A9 /* LaunchScreen.storyboard */ = {
			isa = PBXVariantGroup;
			children = (
				F8C05A412995431B001719A9 /* Base */,
			);
			name = LaunchScreen.storyboard;
			sourceTree = "<group>";
		};
/* End PBXVariantGroup section */

/* Begin XCBuildConfiguration section */
		F8C05A5A2995431B001719A9 /* Debug */ = {
			isa = XCBuildConfiguration;
			buildSettings = {
				ALWAYS_SEARCH_USER_PATHS = NO;
				CLANG_ANALYZER_NONNULL = YES;
				CLANG_ANALYZER_NUMBER_OBJECT_CONVERSION = YES_AGGRESSIVE;
				CLANG_CXX_LANGUAGE_STANDARD = "gnu++20";
				CLANG_ENABLE_MODULES = YES;
				CLANG_ENABLE_OBJC_ARC = YES;
				CLANG_ENABLE_OBJC_WEAK = YES;
				CLANG_WARN_BLOCK_CAPTURE_AUTORELEASING = YES;
				CLANG_WARN_BOOL_CONVERSION = YES;
				CLANG_WARN_COMMA = YES;
				CLANG_WARN_CONSTANT_CONVERSION = YES;
				CLANG_WARN_DEPRECATED_OBJC_IMPLEMENTATIONS = YES;
				CLANG_WARN_DIRECT_OBJC_ISA_USAGE = YES_ERROR;
				CLANG_WARN_DOCUMENTATION_COMMENTS = YES;
				CLANG_WARN_EMPTY_BODY = YES;
				CLANG_WARN_ENUM_CONVERSION = YES;
				CLANG_WARN_INFINITE_RECURSION = YES;
				CLANG_WARN_INT_CONVERSION = YES;
				CLANG_WARN_NON_LITERAL_NULL_CONVERSION = YES;
				CLANG_WARN_OBJC_IMPLICIT_RETAIN_SELF = YES;
				CLANG_WARN_OBJC_LITERAL_CONVERSION = YES;
				CLANG_WARN_OBJC_ROOT_CLASS = YES_ERROR;
				CLANG_WARN_QUOTED_INCLUDE_IN_FRAMEWORK_HEADER = YES;
				CLANG_WARN_RANGE_LOOP_ANALYSIS = YES;
				CLANG_WARN_STRICT_PROTOTYPES = YES;
				CLANG_WARN_SUSPICIOUS_MOVE = YES;
				CLANG_WARN_UNGUARDED_AVAILABILITY = YES_AGGRESSIVE;
				CLANG_WARN_UNREACHABLE_CODE = YES;
				CLANG_WARN__DUPLICATE_METHOD_MATCH = YES;
				COPY_PHASE_STRIP = NO;
				DEBUG_INFORMATION_FORMAT = dwarf;
				ENABLE_STRICT_OBJC_MSGSEND = YES;
				ENABLE_TESTABILITY = YES;
				GCC_C_LANGUAGE_STANDARD = gnu11;
				GCC_DYNAMIC_NO_PIC = NO;
				GCC_NO_COMMON_BLOCKS = YES;
				GCC_OPTIMIZATION_LEVEL = 0;
				GCC_PREPROCESSOR_DEFINITIONS = (
					"DEBUG=1",
					"$(inherited)",
				);
				GCC_WARN_64_TO_32_BIT_CONVERSION = YES;
				GCC_WARN_ABOUT_RETURN_TYPE = YES_ERROR;
				GCC_WARN_UNDECLARED_SELECTOR = YES;
				GCC_WARN_UNINITIALIZED_AUTOS = YES_AGGRESSIVE;
				GCC_WARN_UNUSED_FUNCTION = YES;
				GCC_WARN_UNUSED_VARIABLE = YES;
				IPHONEOS_DEPLOYMENT_TARGET = 16.0;
				MTL_ENABLE_DEBUG_INFO = INCLUDE_SOURCE;
				MTL_FAST_MATH = YES;
				ONLY_ACTIVE_ARCH = YES;
				SDKROOT = iphoneos;
				SWIFT_ACTIVE_COMPILATION_CONDITIONS = DEBUG;
				SWIFT_OPTIMIZATION_LEVEL = "-Onone";
			};
			name = Debug;
		};
		F8C05A5B2995431B001719A9 /* Release */ = {
			isa = XCBuildConfiguration;
			buildSettings = {
				ALWAYS_SEARCH_USER_PATHS = NO;
				CLANG_ANALYZER_NONNULL = YES;
				CLANG_ANALYZER_NUMBER_OBJECT_CONVERSION = YES_AGGRESSIVE;
				CLANG_CXX_LANGUAGE_STANDARD = "gnu++20";
				CLANG_ENABLE_MODULES = YES;
				CLANG_ENABLE_OBJC_ARC = YES;
				CLANG_ENABLE_OBJC_WEAK = YES;
				CLANG_WARN_BLOCK_CAPTURE_AUTORELEASING = YES;
				CLANG_WARN_BOOL_CONVERSION = YES;
				CLANG_WARN_COMMA = YES;
				CLANG_WARN_CONSTANT_CONVERSION = YES;
				CLANG_WARN_DEPRECATED_OBJC_IMPLEMENTATIONS = YES;
				CLANG_WARN_DIRECT_OBJC_ISA_USAGE = YES_ERROR;
				CLANG_WARN_DOCUMENTATION_COMMENTS = YES;
				CLANG_WARN_EMPTY_BODY = YES;
				CLANG_WARN_ENUM_CONVERSION = YES;
				CLANG_WARN_INFINITE_RECURSION = YES;
				CLANG_WARN_INT_CONVERSION = YES;
				CLANG_WARN_NON_LITERAL_NULL_CONVERSION = YES;
				CLANG_WARN_OBJC_IMPLICIT_RETAIN_SELF = YES;
				CLANG_WARN_OBJC_LITERAL_CONVERSION = YES;
				CLANG_WARN_OBJC_ROOT_CLASS = YES_ERROR;
				CLANG_WARN_QUOTED_INCLUDE_IN_FRAMEWORK_HEADER = YES;
				CLANG_WARN_RANGE_LOOP_ANALYSIS = YES;
				CLANG_WARN_STRICT_PROTOTYPES = YES;
				CLANG_WARN_SUSPICIOUS_MOVE = YES;
				CLANG_WARN_UNGUARDED_AVAILABILITY = YES_AGGRESSIVE;
				CLANG_WARN_UNREACHABLE_CODE = YES;
				CLANG_WARN__DUPLICATE_METHOD_MATCH = YES;
				COPY_PHASE_STRIP = NO;
				DEBUG_INFORMATION_FORMAT = "dwarf-with-dsym";
				ENABLE_NS_ASSERTIONS = NO;
				ENABLE_STRICT_OBJC_MSGSEND = YES;
				GCC_C_LANGUAGE_STANDARD = gnu11;
				GCC_NO_COMMON_BLOCKS = YES;
				GCC_WARN_64_TO_32_BIT_CONVERSION = YES;
				GCC_WARN_ABOUT_RETURN_TYPE = YES_ERROR;
				GCC_WARN_UNDECLARED_SELECTOR = YES;
				GCC_WARN_UNINITIALIZED_AUTOS = YES_AGGRESSIVE;
				GCC_WARN_UNUSED_FUNCTION = YES;
				GCC_WARN_UNUSED_VARIABLE = YES;
				IPHONEOS_DEPLOYMENT_TARGET = 16.0;
				MTL_ENABLE_DEBUG_INFO = NO;
				MTL_FAST_MATH = YES;
				SDKROOT = iphoneos;
				SWIFT_COMPILATION_MODE = wholemodule;
				SWIFT_OPTIMIZATION_LEVEL = "-O";
				VALIDATE_PRODUCT = YES;
			};
			name = Release;
		};
		F8C05A5D2995431B001719A9 /* Debug */ = {
			isa = XCBuildConfiguration;
			buildSettings = {
				ASSETCATALOG_COMPILER_APPICON_NAME = AppIcon;
				ASSETCATALOG_COMPILER_GLOBAL_ACCENT_COLOR_NAME = AccentColor;
				CODE_SIGN_STYLE = Automatic;
				CURRENT_PROJECT_VERSION = 1;
				DEVELOPMENT_TEAM = 4G47XHXXQX;
				GENERATE_INFOPLIST_FILE = YES;
				INFOPLIST_FILE = damoim/Info.plist;
				INFOPLIST_KEY_UIApplicationSupportsIndirectInputEvents = YES;
				INFOPLIST_KEY_UILaunchStoryboardName = LaunchScreen;
				INFOPLIST_KEY_UISupportedInterfaceOrientations_iPad = "UIInterfaceOrientationPortrait UIInterfaceOrientationPortraitUpsideDown UIInterfaceOrientationLandscapeLeft UIInterfaceOrientationLandscapeRight";
				INFOPLIST_KEY_UISupportedInterfaceOrientations_iPhone = "UIInterfaceOrientationPortrait UIInterfaceOrientationLandscapeLeft UIInterfaceOrientationLandscapeRight";
				LD_RUNPATH_SEARCH_PATHS = (
					"$(inherited)",
					"@executable_path/Frameworks",
				);
				MARKETING_VERSION = 1.0;
				PRODUCT_BUNDLE_IDENTIFIER = com.damoim.ios;
				PRODUCT_NAME = "$(TARGET_NAME)";
				SWIFT_EMIT_LOC_STRINGS = YES;
				SWIFT_VERSION = 5.0;
				TARGETED_DEVICE_FAMILY = "1,2";
			};
			name = Debug;
		};
		F8C05A5E2995431B001719A9 /* Release */ = {
			isa = XCBuildConfiguration;
			buildSettings = {
				ASSETCATALOG_COMPILER_APPICON_NAME = AppIcon;
				ASSETCATALOG_COMPILER_GLOBAL_ACCENT_COLOR_NAME = AccentColor;
				CODE_SIGN_STYLE = Automatic;
				CURRENT_PROJECT_VERSION = 1;
				DEVELOPMENT_TEAM = 4G47XHXXQX;
				GENERATE_INFOPLIST_FILE = YES;
				INFOPLIST_FILE = damoim/Info.plist;
				INFOPLIST_KEY_UIApplicationSupportsIndirectInputEvents = YES;
				INFOPLIST_KEY_UILaunchStoryboardName = LaunchScreen;
				INFOPLIST_KEY_UISupportedInterfaceOrientations_iPad = "UIInterfaceOrientationPortrait UIInterfaceOrientationPortraitUpsideDown UIInterfaceOrientationLandscapeLeft UIInterfaceOrientationLandscapeRight";
				INFOPLIST_KEY_UISupportedInterfaceOrientations_iPhone = "UIInterfaceOrientationPortrait UIInterfaceOrientationLandscapeLeft UIInterfaceOrientationLandscapeRight";
				LD_RUNPATH_SEARCH_PATHS = (
					"$(inherited)",
					"@executable_path/Frameworks",
				);
				MARKETING_VERSION = 1.0;
				PRODUCT_BUNDLE_IDENTIFIER = com.damoim.ios;
				PRODUCT_NAME = "$(TARGET_NAME)";
				SWIFT_EMIT_LOC_STRINGS = YES;
				SWIFT_VERSION = 5.0;
				TARGETED_DEVICE_FAMILY = "1,2";
			};
			name = Release;
		};
		F8C05A602995431B001719A9 /* Debug */ = {
			isa = XCBuildConfiguration;
			buildSettings = {
				ALWAYS_EMBED_SWIFT_STANDARD_LIBRARIES = YES;
				BUNDLE_LOADER = "$(TEST_HOST)";
				CODE_SIGN_STYLE = Automatic;
				CURRENT_PROJECT_VERSION = 1;
				DEVELOPMENT_TEAM = 4G47XHXXQX;
				GENERATE_INFOPLIST_FILE = YES;
				IPHONEOS_DEPLOYMENT_TARGET = 16.0;
				MARKETING_VERSION = 1.0;
				PRODUCT_BUNDLE_IDENTIFIER = com.damoim.ios.damoimTests;
				PRODUCT_NAME = "$(TARGET_NAME)";
				SWIFT_EMIT_LOC_STRINGS = NO;
				SWIFT_VERSION = 5.0;
				TARGETED_DEVICE_FAMILY = "1,2";
				TEST_HOST = "$(BUILT_PRODUCTS_DIR)/damoim.app/$(BUNDLE_EXECUTABLE_FOLDER_PATH)/damoim";
			};
			name = Debug;
		};
		F8C05A612995431B001719A9 /* Release */ = {
			isa = XCBuildConfiguration;
			buildSettings = {
				ALWAYS_EMBED_SWIFT_STANDARD_LIBRARIES = YES;
				BUNDLE_LOADER = "$(TEST_HOST)";
				CODE_SIGN_STYLE = Automatic;
				CURRENT_PROJECT_VERSION = 1;
				DEVELOPMENT_TEAM = 4G47XHXXQX;
				GENERATE_INFOPLIST_FILE = YES;
				IPHONEOS_DEPLOYMENT_TARGET = 16.0;
				MARKETING_VERSION = 1.0;
				PRODUCT_BUNDLE_IDENTIFIER = com.damoim.ios.damoimTests;
				PRODUCT_NAME = "$(TARGET_NAME)";
				SWIFT_EMIT_LOC_STRINGS = NO;
				SWIFT_VERSION = 5.0;
				TARGETED_DEVICE_FAMILY = "1,2";
				TEST_HOST = "$(BUILT_PRODUCTS_DIR)/damoim.app/$(BUNDLE_EXECUTABLE_FOLDER_PATH)/damoim";
			};
			name = Release;
		};
		F8C05A632995431B001719A9 /* Debug */ = {
			isa = XCBuildConfiguration;
			buildSettings = {
				ALWAYS_EMBED_SWIFT_STANDARD_LIBRARIES = YES;
				CODE_SIGN_STYLE = Automatic;
				CURRENT_PROJECT_VERSION = 1;
				DEVELOPMENT_TEAM = 4G47XHXXQX;
				GENERATE_INFOPLIST_FILE = YES;
				MARKETING_VERSION = 1.0;
				PRODUCT_BUNDLE_IDENTIFIER = com.damoim.ios.damoimUITests;
				PRODUCT_NAME = "$(TARGET_NAME)";
				SWIFT_EMIT_LOC_STRINGS = NO;
				SWIFT_VERSION = 5.0;
				TARGETED_DEVICE_FAMILY = "1,2";
				TEST_TARGET_NAME = damoim;
			};
			name = Debug;
		};
		F8C05A642995431B001719A9 /* Release */ = {
			isa = XCBuildConfiguration;
			buildSettings = {
				ALWAYS_EMBED_SWIFT_STANDARD_LIBRARIES = YES;
				CODE_SIGN_STYLE = Automatic;
				CURRENT_PROJECT_VERSION = 1;
				DEVELOPMENT_TEAM = 4G47XHXXQX;
				GENERATE_INFOPLIST_FILE = YES;
				MARKETING_VERSION = 1.0;
				PRODUCT_BUNDLE_IDENTIFIER = com.damoim.ios.damoimUITests;
				PRODUCT_NAME = "$(TARGET_NAME)";
				SWIFT_EMIT_LOC_STRINGS = NO;
				SWIFT_VERSION = 5.0;
				TARGETED_DEVICE_FAMILY = "1,2";
				TEST_TARGET_NAME = damoim;
			};
			name = Release;
		};
/* End XCBuildConfiguration section */

/* Begin XCConfigurationList section */
		F8C05A2D2995431A001719A9 /* Build configuration list for PBXProject "damoim" */ = {
			isa = XCConfigurationList;
			buildConfigurations = (
				F8C05A5A2995431B001719A9 /* Debug */,
				F8C05A5B2995431B001719A9 /* Release */,
			);
			defaultConfigurationIsVisible = 0;
			defaultConfigurationName = Release;
		};
		F8C05A5C2995431B001719A9 /* Build configuration list for PBXNativeTarget "damoim" */ = {
			isa = XCConfigurationList;
			buildConfigurations = (
				F8C05A5D2995431B001719A9 /* Debug */,
				F8C05A5E2995431B001719A9 /* Release */,
			);
			defaultConfigurationIsVisible = 0;
			defaultConfigurationName = Release;
		};
		F8C05A5F2995431B001719A9 /* Build configuration list for PBXNativeTarget "damoimTests" */ = {
			isa = XCConfigurationList;
			buildConfigurations = (
				F8C05A602995431B001719A9 /* Debug */,
				F8C05A612995431B001719A9 /* Release */,
			);
			defaultConfigurationIsVisible = 0;
			defaultConfigurationName = Release;
		};
		F8C05A622995431B001719A9 /* Build configuration list for PBXNativeTarget "damoimUITests" */ = {
			isa = XCConfigurationList;
			buildConfigurations = (
				F8C05A632995431B001719A9 /* Debug */,
				F8C05A642995431B001719A9 /* Release */,
			);
			defaultConfigurationIsVisible = 0;
			defaultConfigurationName = Release;
		};
/* End XCConfigurationList section */

/* Begin XCRemoteSwiftPackageReference section */
		F889FC8329A4DE7700887727 /* XCRemoteSwiftPackageReference "SnapKit" */ = {
			isa = XCRemoteSwiftPackageReference;
			repositoryURL = "https://github.com/SnapKit/SnapKit";
			requirement = {
				kind = upToNextMajorVersion;
				minimumVersion = 5.0.0;
			};
		};
/* End XCRemoteSwiftPackageReference section */

/* Begin XCSwiftPackageProductDependency section */
		F889FC8429A4DE7700887727 /* SnapKit */ = {
			isa = XCSwiftPackageProductDependency;
			package = F889FC8329A4DE7700887727 /* XCRemoteSwiftPackageReference "SnapKit" */;
			productName = SnapKit;
		};
/* End XCSwiftPackageProductDependency section */
	};
	rootObject = F8C05A2A2995431A001719A9 /* Project object */;
}
